// !$*UTF8*$!
{
	archiveVersion = 1;
	classes = {
	};
	objectVersion = 46;
	objects = {

/* Begin PBXBuildFile section */
		1A193C771A67B9D200E6BE1E /* Bolts.framework in Frameworks */ = {isa = PBXBuildFile; fileRef = 1A193C721A67B9D200E6BE1E /* Bolts.framework */; };
		1A193C781A67B9D200E6BE1E /* Parse.framework in Frameworks */ = {isa = PBXBuildFile; fileRef = 1A193C731A67B9D200E6BE1E /* Parse.framework */; };
		1A193C791A67B9D300E6BE1E /* ParseCrashReporting.framework in Frameworks */ = {isa = PBXBuildFile; fileRef = 1A193C741A67B9D200E6BE1E /* ParseCrashReporting.framework */; };
		1A193C7A1A67B9D300E6BE1E /* ParseFacebookUtils.framework in Frameworks */ = {isa = PBXBuildFile; fileRef = 1A193C751A67B9D200E6BE1E /* ParseFacebookUtils.framework */; };
		1A193C7B1A67B9D300E6BE1E /* ParseUI.framework in Frameworks */ = {isa = PBXBuildFile; fileRef = 1A193C761A67B9D200E6BE1E /* ParseUI.framework */; };
		1A193C801A6815E200E6BE1E /* AdSupport.framework in Frameworks */ = {isa = PBXBuildFile; fileRef = 1A193C7F1A6815E200E6BE1E /* AdSupport.framework */; };
		1A193C821A6815E900E6BE1E /* Social.framework in Frameworks */ = {isa = PBXBuildFile; fileRef = 1A193C811A6815E900E6BE1E /* Social.framework */; };
		1A193C841A6815F100E6BE1E /* Accounts.framework in Frameworks */ = {isa = PBXBuildFile; fileRef = 1A193C831A6815F100E6BE1E /* Accounts.framework */; };
		1A193C861A6815FB00E6BE1E /* AudioToolbox.framework in Frameworks */ = {isa = PBXBuildFile; fileRef = 1A193C851A6815FB00E6BE1E /* AudioToolbox.framework */; };
		1A193C881A68160300E6BE1E /* CFNetwork.framework in Frameworks */ = {isa = PBXBuildFile; fileRef = 1A193C871A68160300E6BE1E /* CFNetwork.framework */; };
		1A193C8A1A68160D00E6BE1E /* CoreGraphics.framework in Frameworks */ = {isa = PBXBuildFile; fileRef = 1A193C891A68160D00E6BE1E /* CoreGraphics.framework */; };
		1A193C8C1A68161800E6BE1E /* CoreLocation.framework in Frameworks */ = {isa = PBXBuildFile; fileRef = 1A193C8B1A68161800E6BE1E /* CoreLocation.framework */; };
		1A193C8E1A68161F00E6BE1E /* Foundation.framework in Frameworks */ = {isa = PBXBuildFile; fileRef = 1A193C8D1A68161F00E6BE1E /* Foundation.framework */; };
		1A193C901A68162800E6BE1E /* MobileCoreServices.framework in Frameworks */ = {isa = PBXBuildFile; fileRef = 1A193C8F1A68162800E6BE1E /* MobileCoreServices.framework */; };
		1A193C921A68163000E6BE1E /* QuartzCore.framework in Frameworks */ = {isa = PBXBuildFile; fileRef = 1A193C911A68163000E6BE1E /* QuartzCore.framework */; };
		1A193C941A68163A00E6BE1E /* Security.framework in Frameworks */ = {isa = PBXBuildFile; fileRef = 1A193C931A68163A00E6BE1E /* Security.framework */; };
		1A193C961A68164100E6BE1E /* StoreKit.framework in Frameworks */ = {isa = PBXBuildFile; fileRef = 1A193C951A68164100E6BE1E /* StoreKit.framework */; };
		1A193C981A68164B00E6BE1E /* SystemConfiguration.framework in Frameworks */ = {isa = PBXBuildFile; fileRef = 1A193C971A68164B00E6BE1E /* SystemConfiguration.framework */; };
		1A193C9A1A68165600E6BE1E /* UIKit.framework in Frameworks */ = {isa = PBXBuildFile; fileRef = 1A193C991A68165600E6BE1E /* UIKit.framework */; };
		1A193C9E1A68169B00E6BE1E /* libsqlite3.0.dylib in Frameworks */ = {isa = PBXBuildFile; fileRef = 1A193C9C1A68169B00E6BE1E /* libsqlite3.0.dylib */; };
		1A193C9F1A68169B00E6BE1E /* libsqlite3.dylib in Frameworks */ = {isa = PBXBuildFile; fileRef = 1A193C9D1A68169B00E6BE1E /* libsqlite3.dylib */; };
		1A193CA11A6816A700E6BE1E /* libz.1.1.3.dylib in Frameworks */ = {isa = PBXBuildFile; fileRef = 1A193CA01A6816A700E6BE1E /* libz.1.1.3.dylib */; };
		1A193CA31A6816B200E6BE1E /* libstdc++.6.dylib in Frameworks */ = {isa = PBXBuildFile; fileRef = 1A193CA21A6816B200E6BE1E /* libstdc++.6.dylib */; };
		1AA7C82B1A889E3F0084FC78 /* MenusModel.swift in Sources */ = {isa = PBXBuildFile; fileRef = 1AA7C82A1A889E3F0084FC78 /* MenusModel.swift */; };
		1AA7C82D1A89023F0084FC78 /* ServerUtility.swift in Sources */ = {isa = PBXBuildFile; fileRef = 1AA7C82C1A89023F0084FC78 /* ServerUtility.swift */; };
		1AE9488E1A8B45A4003EAB6D /* YO.caf in Resources */ = {isa = PBXBuildFile; fileRef = 1AE9488D1A8B4349003EAB6D /* YO.caf */; };
		507C28D21A66D92100D52AFC /* AppDelegate.swift in Sources */ = {isa = PBXBuildFile; fileRef = 507C28D11A66D92100D52AFC /* AppDelegate.swift */; };
		507C28D41A66D92100D52AFC /* ViewController.swift in Sources */ = {isa = PBXBuildFile; fileRef = 507C28D31A66D92100D52AFC /* ViewController.swift */; };
		507C28D71A66D92100D52AFC /* Main.storyboard in Resources */ = {isa = PBXBuildFile; fileRef = 507C28D51A66D92100D52AFC /* Main.storyboard */; };
		507C28D91A66D92100D52AFC /* Images.xcassets in Resources */ = {isa = PBXBuildFile; fileRef = 507C28D81A66D92100D52AFC /* Images.xcassets */; };
		507C28DC1A66D92100D52AFC /* LaunchScreen.xib in Resources */ = {isa = PBXBuildFile; fileRef = 507C28DA1A66D92100D52AFC /* LaunchScreen.xib */; };
		507C28E81A66D92200D52AFC /* YOTests.swift in Sources */ = {isa = PBXBuildFile; fileRef = 507C28E71A66D92200D52AFC /* YOTests.swift */; };
		50BEED0E1ABDAE830064BCBB /* YOTableTableViewController.swift in Sources */ = {isa = PBXBuildFile; fileRef = 50BEED0D1ABDAE830064BCBB /* YOTableTableViewController.swift */; };
/* End PBXBuildFile section */

/* Begin PBXContainerItemProxy section */
		507C28E21A66D92200D52AFC /* PBXContainerItemProxy */ = {
			isa = PBXContainerItemProxy;
			containerPortal = 507C28C41A66D92100D52AFC /* Project object */;
			proxyType = 1;
			remoteGlobalIDString = 507C28CB1A66D92100D52AFC;
			remoteInfo = YO;
		};
/* End PBXContainerItemProxy section */

/* Begin PBXFileReference section */
		1A193C721A67B9D200E6BE1E /* Bolts.framework */ = {isa = PBXFileReference; lastKnownFileType = wrapper.framework; path = Bolts.framework; sourceTree = "<group>"; };
		1A193C731A67B9D200E6BE1E /* Parse.framework */ = {isa = PBXFileReference; lastKnownFileType = wrapper.framework; path = Parse.framework; sourceTree = "<group>"; };
		1A193C741A67B9D200E6BE1E /* ParseCrashReporting.framework */ = {isa = PBXFileReference; lastKnownFileType = wrapper.framework; path = ParseCrashReporting.framework; sourceTree = "<group>"; };
		1A193C751A67B9D200E6BE1E /* ParseFacebookUtils.framework */ = {isa = PBXFileReference; lastKnownFileType = wrapper.framework; path = ParseFacebookUtils.framework; sourceTree = "<group>"; };
		1A193C761A67B9D200E6BE1E /* ParseUI.framework */ = {isa = PBXFileReference; lastKnownFileType = wrapper.framework; path = ParseUI.framework; sourceTree = "<group>"; };
		1A193C7C1A67C99D00E6BE1E /* YO-Bridging-Header.h */ = {isa = PBXFileReference; lastKnownFileType = sourcecode.c.h; path = "YO-Bridging-Header.h"; sourceTree = SOURCE_ROOT; };
		1A193C7F1A6815E200E6BE1E /* AdSupport.framework */ = {isa = PBXFileReference; lastKnownFileType = wrapper.framework; name = AdSupport.framework; path = System/Library/Frameworks/AdSupport.framework; sourceTree = SDKROOT; };
		1A193C811A6815E900E6BE1E /* Social.framework */ = {isa = PBXFileReference; lastKnownFileType = wrapper.framework; name = Social.framework; path = System/Library/Frameworks/Social.framework; sourceTree = SDKROOT; };
		1A193C831A6815F100E6BE1E /* Accounts.framework */ = {isa = PBXFileReference; lastKnownFileType = wrapper.framework; name = Accounts.framework; path = System/Library/Frameworks/Accounts.framework; sourceTree = SDKROOT; };
		1A193C851A6815FB00E6BE1E /* AudioToolbox.framework */ = {isa = PBXFileReference; lastKnownFileType = wrapper.framework; name = AudioToolbox.framework; path = System/Library/Frameworks/AudioToolbox.framework; sourceTree = SDKROOT; };
		1A193C871A68160300E6BE1E /* CFNetwork.framework */ = {isa = PBXFileReference; lastKnownFileType = wrapper.framework; name = CFNetwork.framework; path = System/Library/Frameworks/CFNetwork.framework; sourceTree = SDKROOT; };
		1A193C891A68160D00E6BE1E /* CoreGraphics.framework */ = {isa = PBXFileReference; lastKnownFileType = wrapper.framework; name = CoreGraphics.framework; path = System/Library/Frameworks/CoreGraphics.framework; sourceTree = SDKROOT; };
		1A193C8B1A68161800E6BE1E /* CoreLocation.framework */ = {isa = PBXFileReference; lastKnownFileType = wrapper.framework; name = CoreLocation.framework; path = System/Library/Frameworks/CoreLocation.framework; sourceTree = SDKROOT; };
		1A193C8D1A68161F00E6BE1E /* Foundation.framework */ = {isa = PBXFileReference; lastKnownFileType = wrapper.framework; name = Foundation.framework; path = System/Library/Frameworks/Foundation.framework; sourceTree = SDKROOT; };
		1A193C8F1A68162800E6BE1E /* MobileCoreServices.framework */ = {isa = PBXFileReference; lastKnownFileType = wrapper.framework; name = MobileCoreServices.framework; path = System/Library/Frameworks/MobileCoreServices.framework; sourceTree = SDKROOT; };
		1A193C911A68163000E6BE1E /* QuartzCore.framework */ = {isa = PBXFileReference; lastKnownFileType = wrapper.framework; name = QuartzCore.framework; path = System/Library/Frameworks/QuartzCore.framework; sourceTree = SDKROOT; };
		1A193C931A68163A00E6BE1E /* Security.framework */ = {isa = PBXFileReference; lastKnownFileType = wrapper.framework; name = Security.framework; path = System/Library/Frameworks/Security.framework; sourceTree = SDKROOT; };
		1A193C951A68164100E6BE1E /* StoreKit.framework */ = {isa = PBXFileReference; lastKnownFileType = wrapper.framework; name = StoreKit.framework; path = System/Library/Frameworks/StoreKit.framework; sourceTree = SDKROOT; };
		1A193C971A68164B00E6BE1E /* SystemConfiguration.framework */ = {isa = PBXFileReference; lastKnownFileType = wrapper.framework; name = SystemConfiguration.framework; path = System/Library/Frameworks/SystemConfiguration.framework; sourceTree = SDKROOT; };
		1A193C991A68165600E6BE1E /* UIKit.framework */ = {isa = PBXFileReference; lastKnownFileType = wrapper.framework; name = UIKit.framework; path = System/Library/Frameworks/UIKit.framework; sourceTree = SDKROOT; };
		1A193C9C1A68169B00E6BE1E /* libsqlite3.0.dylib */ = {isa = PBXFileReference; lastKnownFileType = "compiled.mach-o.dylib"; name = libsqlite3.0.dylib; path = usr/lib/libsqlite3.0.dylib; sourceTree = SDKROOT; };
		1A193C9D1A68169B00E6BE1E /* libsqlite3.dylib */ = {isa = PBXFileReference; lastKnownFileType = "compiled.mach-o.dylib"; name = libsqlite3.dylib; path = usr/lib/libsqlite3.dylib; sourceTree = SDKROOT; };
		1A193CA01A6816A700E6BE1E /* libz.1.1.3.dylib */ = {isa = PBXFileReference; lastKnownFileType = "compiled.mach-o.dylib"; name = libz.1.1.3.dylib; path = usr/lib/libz.1.1.3.dylib; sourceTree = SDKROOT; };
		1A193CA21A6816B200E6BE1E /* libstdc++.6.dylib */ = {isa = PBXFileReference; lastKnownFileType = "compiled.mach-o.dylib"; name = "libstdc++.6.dylib"; path = "usr/lib/libstdc++.6.dylib"; sourceTree = SDKROOT; };
		1AA7C82A1A889E3F0084FC78 /* MenusModel.swift */ = {isa = PBXFileReference; fileEncoding = 4; lastKnownFileType = sourcecode.swift; name = MenusModel.swift; path = ../MenusModel.swift; sourceTree = "<group>"; };
		1AA7C82C1A89023F0084FC78 /* ServerUtility.swift */ = {isa = PBXFileReference; fileEncoding = 4; lastKnownFileType = sourcecode.swift; name = ServerUtility.swift; path = ../ServerUtility.swift; sourceTree = "<group>"; };
		1AE9488D1A8B4349003EAB6D /* YO.caf */ = {isa = PBXFileReference; lastKnownFileType = file; path = YO.caf; sourceTree = "<group>"; };
		507C28CC1A66D92100D52AFC /* YO.app */ = {isa = PBXFileReference; explicitFileType = wrapper.application; includeInIndex = 0; path = YO.app; sourceTree = BUILT_PRODUCTS_DIR; };
		507C28D01A66D92100D52AFC /* Info.plist */ = {isa = PBXFileReference; lastKnownFileType = text.plist.xml; path = Info.plist; sourceTree = "<group>"; };
		507C28D11A66D92100D52AFC /* AppDelegate.swift */ = {isa = PBXFileReference; lastKnownFileType = sourcecode.swift; path = AppDelegate.swift; sourceTree = "<group>"; };
		507C28D31A66D92100D52AFC /* ViewController.swift */ = {isa = PBXFileReference; lastKnownFileType = sourcecode.swift; path = ViewController.swift; sourceTree = "<group>"; };
		507C28D61A66D92100D52AFC /* Base */ = {isa = PBXFileReference; lastKnownFileType = file.storyboard; name = Base; path = Base.lproj/Main.storyboard; sourceTree = "<group>"; };
		507C28D81A66D92100D52AFC /* Images.xcassets */ = {isa = PBXFileReference; lastKnownFileType = folder.assetcatalog; path = Images.xcassets; sourceTree = "<group>"; };
		507C28DB1A66D92100D52AFC /* Base */ = {isa = PBXFileReference; lastKnownFileType = file.xib; name = Base; path = Base.lproj/LaunchScreen.xib; sourceTree = "<group>"; };
		507C28E11A66D92200D52AFC /* YOTests.xctest */ = {isa = PBXFileReference; explicitFileType = wrapper.cfbundle; includeInIndex = 0; path = YOTests.xctest; sourceTree = BUILT_PRODUCTS_DIR; };
		507C28E61A66D92200D52AFC /* Info.plist */ = {isa = PBXFileReference; lastKnownFileType = text.plist.xml; path = Info.plist; sourceTree = "<group>"; };
		507C28E71A66D92200D52AFC /* YOTests.swift */ = {isa = PBXFileReference; lastKnownFileType = sourcecode.swift; path = YOTests.swift; sourceTree = "<group>"; };
		50BEED0D1ABDAE830064BCBB /* YOTableTableViewController.swift */ = {isa = PBXFileReference; fileEncoding = 4; lastKnownFileType = sourcecode.swift; path = YOTableTableViewController.swift; sourceTree = "<group>"; };
/* End PBXFileReference section */

/* Begin PBXFrameworksBuildPhase section */
		507C28C91A66D92100D52AFC /* Frameworks */ = {
			isa = PBXFrameworksBuildPhase;
			buildActionMask = 2147483647;
			files = (
				1A193CA31A6816B200E6BE1E /* libstdc++.6.dylib in Frameworks */,
				1A193CA11A6816A700E6BE1E /* libz.1.1.3.dylib in Frameworks */,
				1A193C9E1A68169B00E6BE1E /* libsqlite3.0.dylib in Frameworks */,
				1A193C9F1A68169B00E6BE1E /* libsqlite3.dylib in Frameworks */,
				1A193C9A1A68165600E6BE1E /* UIKit.framework in Frameworks */,
				1A193C981A68164B00E6BE1E /* SystemConfiguration.framework in Frameworks */,
				1A193C961A68164100E6BE1E /* StoreKit.framework in Frameworks */,
				1A193C941A68163A00E6BE1E /* Security.framework in Frameworks */,
				1A193C921A68163000E6BE1E /* QuartzCore.framework in Frameworks */,
				1A193C901A68162800E6BE1E /* MobileCoreServices.framework in Frameworks */,
				1A193C8E1A68161F00E6BE1E /* Foundation.framework in Frameworks */,
				1A193C8C1A68161800E6BE1E /* CoreLocation.framework in Frameworks */,
				1A193C8A1A68160D00E6BE1E /* CoreGraphics.framework in Frameworks */,
				1A193C881A68160300E6BE1E /* CFNetwork.framework in Frameworks */,
				1A193C861A6815FB00E6BE1E /* AudioToolbox.framework in Frameworks */,
				1A193C841A6815F100E6BE1E /* Accounts.framework in Frameworks */,
				1A193C821A6815E900E6BE1E /* Social.framework in Frameworks */,
				1A193C801A6815E200E6BE1E /* AdSupport.framework in Frameworks */,
				1A193C781A67B9D200E6BE1E /* Parse.framework in Frameworks */,
				1A193C791A67B9D300E6BE1E /* ParseCrashReporting.framework in Frameworks */,
				1A193C7B1A67B9D300E6BE1E /* ParseUI.framework in Frameworks */,
				1A193C7A1A67B9D300E6BE1E /* ParseFacebookUtils.framework in Frameworks */,
				1A193C771A67B9D200E6BE1E /* Bolts.framework in Frameworks */,
			);
			runOnlyForDeploymentPostprocessing = 0;
		};
		507C28DE1A66D92200D52AFC /* Frameworks */ = {
			isa = PBXFrameworksBuildPhase;
			buildActionMask = 2147483647;
			files = (
			);
			runOnlyForDeploymentPostprocessing = 0;
		};
/* End PBXFrameworksBuildPhase section */

/* Begin PBXGroup section */
		1A15409B1A8BC95A00EB533A /* Model */ = {
			isa = PBXGroup;
			children = (
				1AA7C82C1A89023F0084FC78 /* ServerUtility.swift */,
				1AA7C82A1A889E3F0084FC78 /* MenusModel.swift */,
			);
			name = Model;
			sourceTree = "<group>";
		};
		1A15409C1A8BC96100EB533A /* View */ = {
			isa = PBXGroup;
			children = (
			);
			name = View;
			sourceTree = "<group>";
		};
		1A15409D1A8BC96700EB533A /* Controller */ = {
			isa = PBXGroup;
			children = (
				507C28D31A66D92100D52AFC /* ViewController.swift */,
				50BEED0D1ABDAE830064BCBB /* YOTableTableViewController.swift */,
			);
			name = Controller;
			sourceTree = "<group>";
		};
		1A193C9B1A68166C00E6BE1E /* Frameworks */ = {
			isa = PBXGroup;
			children = (
				1AC2FA441A67B6EB009ECA56 /* Parse */,
				1A193CA21A6816B200E6BE1E /* libstdc++.6.dylib */,
				1A193CA01A6816A700E6BE1E /* libz.1.1.3.dylib */,
				1A193C9C1A68169B00E6BE1E /* libsqlite3.0.dylib */,
				1A193C9D1A68169B00E6BE1E /* libsqlite3.dylib */,
				1A193C991A68165600E6BE1E /* UIKit.framework */,
				1A193C971A68164B00E6BE1E /* SystemConfiguration.framework */,
				1A193C951A68164100E6BE1E /* StoreKit.framework */,
				1A193C931A68163A00E6BE1E /* Security.framework */,
				1A193C911A68163000E6BE1E /* QuartzCore.framework */,
				1A193C8F1A68162800E6BE1E /* MobileCoreServices.framework */,
				1A193C8D1A68161F00E6BE1E /* Foundation.framework */,
				1A193C8B1A68161800E6BE1E /* CoreLocation.framework */,
				1A193C891A68160D00E6BE1E /* CoreGraphics.framework */,
				1A193C871A68160300E6BE1E /* CFNetwork.framework */,
				1A193C851A6815FB00E6BE1E /* AudioToolbox.framework */,
				1A193C831A6815F100E6BE1E /* Accounts.framework */,
				1A193C811A6815E900E6BE1E /* Social.framework */,
				1A193C7F1A6815E200E6BE1E /* AdSupport.framework */,
			);
			name = Frameworks;
			sourceTree = "<group>";
		};
		1AC2FA441A67B6EB009ECA56 /* Parse */ = {
			isa = PBXGroup;
			children = (
				1A193C721A67B9D200E6BE1E /* Bolts.framework */,
				1A193C731A67B9D200E6BE1E /* Parse.framework */,
				1A193C741A67B9D200E6BE1E /* ParseCrashReporting.framework */,
				1A193C751A67B9D200E6BE1E /* ParseFacebookUtils.framework */,
				1A193C761A67B9D200E6BE1E /* ParseUI.framework */,
			);
			name = Parse;
			sourceTree = "<group>";
		};
		507C28C31A66D92100D52AFC = {
			isa = PBXGroup;
			children = (
				507C28CE1A66D92100D52AFC /* YO */,
				507C28E41A66D92200D52AFC /* YOTests */,
				1A193C9B1A68166C00E6BE1E /* Frameworks */,
				507C28CD1A66D92100D52AFC /* Products */,
			);
			sourceTree = "<group>";
		};
		507C28CD1A66D92100D52AFC /* Products */ = {
			isa = PBXGroup;
			children = (
				507C28CC1A66D92100D52AFC /* YO.app */,
				507C28E11A66D92200D52AFC /* YOTests.xctest */,
			);
			name = Products;
			sourceTree = "<group>";
		};
		507C28CE1A66D92100D52AFC /* YO */ = {
			isa = PBXGroup;
			children = (
				507C28D51A66D92100D52AFC /* Main.storyboard */,
				1A15409B1A8BC95A00EB533A /* Model */,
				1A15409C1A8BC96100EB533A /* View */,
				1A15409D1A8BC96700EB533A /* Controller */,
				507C28CF1A66D92100D52AFC /* Supporting Files */,
			);
			path = YO;
			sourceTree = "<group>";
		};
		507C28CF1A66D92100D52AFC /* Supporting Files */ = {
			isa = PBXGroup;
			children = (
				507C28D81A66D92100D52AFC /* Images.xcassets */,
				507C28DA1A66D92100D52AFC /* LaunchScreen.xib */,
				507C28D11A66D92100D52AFC /* AppDelegate.swift */,
				1AE9488D1A8B4349003EAB6D /* YO.caf */,
				1A193C7C1A67C99D00E6BE1E /* YO-Bridging-Header.h */,
				507C28D01A66D92100D52AFC /* Info.plist */,
			);
			name = "Supporting Files";
			sourceTree = "<group>";
		};
		507C28E41A66D92200D52AFC /* YOTests */ = {
			isa = PBXGroup;
			children = (
				507C28E71A66D92200D52AFC /* YOTests.swift */,
				507C28E51A66D92200D52AFC /* Supporting Files */,
			);
			path = YOTests;
			sourceTree = "<group>";
		};
		507C28E51A66D92200D52AFC /* Supporting Files */ = {
			isa = PBXGroup;
			children = (
				507C28E61A66D92200D52AFC /* Info.plist */,
			);
			name = "Supporting Files";
			sourceTree = "<group>";
		};
/* End PBXGroup section */

/* Begin PBXNativeTarget section */
		507C28CB1A66D92100D52AFC /* YO */ = {
			isa = PBXNativeTarget;
			buildConfigurationList = 507C28EB1A66D92200D52AFC /* Build configuration list for PBXNativeTarget "YO" */;
			buildPhases = (
				507C28C81A66D92100D52AFC /* Sources */,
				507C28C91A66D92100D52AFC /* Frameworks */,
				507C28CA1A66D92100D52AFC /* Resources */,
			);
			buildRules = (
			);
			dependencies = (
			);
			name = YO;
			productName = YO;
			productReference = 507C28CC1A66D92100D52AFC /* YO.app */;
			productType = "com.apple.product-type.application";
		};
		507C28E01A66D92200D52AFC /* YOTests */ = {
			isa = PBXNativeTarget;
			buildConfigurationList = 507C28EE1A66D92200D52AFC /* Build configuration list for PBXNativeTarget "YOTests" */;
			buildPhases = (
				507C28DD1A66D92200D52AFC /* Sources */,
				507C28DE1A66D92200D52AFC /* Frameworks */,
				507C28DF1A66D92200D52AFC /* Resources */,
			);
			buildRules = (
			);
			dependencies = (
				507C28E31A66D92200D52AFC /* PBXTargetDependency */,
			);
			name = YOTests;
			productName = YOTests;
			productReference = 507C28E11A66D92200D52AFC /* YOTests.xctest */;
			productType = "com.apple.product-type.bundle.unit-test";
		};
/* End PBXNativeTarget section */

/* Begin PBXProject section */
		507C28C41A66D92100D52AFC /* Project object */ = {
			isa = PBXProject;
			attributes = {
				LastUpgradeCheck = 0620;
				ORGANIZATIONNAME = GuyKahlon;
				TargetAttributes = {
					507C28CB1A66D92100D52AFC = {
						CreatedOnToolsVersion = 6.2;
						DevelopmentTeam = CGL98MNC4D;
					};
					507C28E01A66D92200D52AFC = {
						CreatedOnToolsVersion = 6.2;
						TestTargetID = 507C28CB1A66D92100D52AFC;
					};
				};
			};
			buildConfigurationList = 507C28C71A66D92100D52AFC /* Build configuration list for PBXProject "YO" */;
			compatibilityVersion = "Xcode 3.2";
			developmentRegion = English;
			hasScannedForEncodings = 0;
			knownRegions = (
				en,
				Base,
			);
			mainGroup = 507C28C31A66D92100D52AFC;
			productRefGroup = 507C28CD1A66D92100D52AFC /* Products */;
			projectDirPath = "";
			projectRoot = "";
			targets = (
				507C28CB1A66D92100D52AFC /* YO */,
				507C28E01A66D92200D52AFC /* YOTests */,
			);
		};
/* End PBXProject section */

/* Begin PBXResourcesBuildPhase section */
		507C28CA1A66D92100D52AFC /* Resources */ = {
			isa = PBXResourcesBuildPhase;
			buildActionMask = 2147483647;
			files = (
				507C28D71A66D92100D52AFC /* Main.storyboard in Resources */,
				507C28DC1A66D92100D52AFC /* LaunchScreen.xib in Resources */,
				1AE9488E1A8B45A4003EAB6D /* YO.caf in Resources */,
				507C28D91A66D92100D52AFC /* Images.xcassets in Resources */,
			);
			runOnlyForDeploymentPostprocessing = 0;
		};
		507C28DF1A66D92200D52AFC /* Resources */ = {
			isa = PBXResourcesBuildPhase;
			buildActionMask = 2147483647;
			files = (
			);
			runOnlyForDeploymentPostprocessing = 0;
		};
/* End PBXResourcesBuildPhase section */

/* Begin PBXSourcesBuildPhase section */
		507C28C81A66D92100D52AFC /* Sources */ = {
			isa = PBXSourcesBuildPhase;
			buildActionMask = 2147483647;
			files = (
				1AA7C82D1A89023F0084FC78 /* ServerUtility.swift in Sources */,
				1AA7C82B1A889E3F0084FC78 /* MenusModel.swift in Sources */,
				50BEED0E1ABDAE830064BCBB /* YOTableTableViewController.swift in Sources */,
				507C28D41A66D92100D52AFC /* ViewController.swift in Sources */,
				507C28D21A66D92100D52AFC /* AppDelegate.swift in Sources */,
			);
			runOnlyForDeploymentPostprocessing = 0;
		};
		507C28DD1A66D92200D52AFC /* Sources */ = {
			isa = PBXSourcesBuildPhase;
			buildActionMask = 2147483647;
			files = (
				507C28E81A66D92200D52AFC /* YOTests.swift in Sources */,
			);
			runOnlyForDeploymentPostprocessing = 0;
		};
/* End PBXSourcesBuildPhase section */

/* Begin PBXTargetDependency section */
		507C28E31A66D92200D52AFC /* PBXTargetDependency */ = {
			isa = PBXTargetDependency;
			target = 507C28CB1A66D92100D52AFC /* YO */;
			targetProxy = 507C28E21A66D92200D52AFC /* PBXContainerItemProxy */;
		};
/* End PBXTargetDependency section */

/* Begin PBXVariantGroup section */
		507C28D51A66D92100D52AFC /* Main.storyboard */ = {
			isa = PBXVariantGroup;
			children = (
				507C28D61A66D92100D52AFC /* Base */,
			);
			name = Main.storyboard;
			sourceTree = "<group>";
		};
		507C28DA1A66D92100D52AFC /* LaunchScreen.xib */ = {
			isa = PBXVariantGroup;
			children = (
				507C28DB1A66D92100D52AFC /* Base */,
			);
			name = LaunchScreen.xib;
			sourceTree = "<group>";
		};
/* End PBXVariantGroup section */

/* Begin XCBuildConfiguration section */
		507C28E91A66D92200D52AFC /* Debug */ = {
			isa = XCBuildConfiguration;
			buildSettings = {
				ALWAYS_SEARCH_USER_PATHS = NO;
				CLANG_CXX_LANGUAGE_STANDARD = "gnu++0x";
				CLANG_CXX_LIBRARY = "libc++";
				CLANG_ENABLE_MODULES = YES;
				CLANG_ENABLE_OBJC_ARC = YES;
				CLANG_WARN_BOOL_CONVERSION = YES;
				CLANG_WARN_CONSTANT_CONVERSION = YES;
				CLANG_WARN_DIRECT_OBJC_ISA_USAGE = YES_ERROR;
				CLANG_WARN_EMPTY_BODY = YES;
				CLANG_WARN_ENUM_CONVERSION = YES;
				CLANG_WARN_INT_CONVERSION = YES;
				CLANG_WARN_OBJC_ROOT_CLASS = YES_ERROR;
				CLANG_WARN_UNREACHABLE_CODE = YES;
				CLANG_WARN__DUPLICATE_METHOD_MATCH = YES;
				"CODE_SIGN_IDENTITY[sdk=iphoneos*]" = "iPhone Developer";
				COPY_PHASE_STRIP = NO;
				ENABLE_STRICT_OBJC_MSGSEND = YES;
				GCC_C_LANGUAGE_STANDARD = gnu99;
				GCC_DYNAMIC_NO_PIC = NO;
				GCC_OPTIMIZATION_LEVEL = 0;
				GCC_PREPROCESSOR_DEFINITIONS = (
					"DEBUG=1",
					"$(inherited)",
				);
				GCC_SYMBOLS_PRIVATE_EXTERN = NO;
				GCC_WARN_64_TO_32_BIT_CONVERSION = YES;
				GCC_WARN_ABOUT_RETURN_TYPE = YES_ERROR;
				GCC_WARN_UNDECLARED_SELECTOR = YES;
				GCC_WARN_UNINITIALIZED_AUTOS = YES_AGGRESSIVE;
				GCC_WARN_UNUSED_FUNCTION = YES;
				GCC_WARN_UNUSED_VARIABLE = YES;
				IPHONEOS_DEPLOYMENT_TARGET = 8.2;
				MTL_ENABLE_DEBUG_INFO = YES;
				ONLY_ACTIVE_ARCH = YES;
				SDKROOT = iphoneos;
				SWIFT_OPTIMIZATION_LEVEL = "-Onone";
			};
			name = Debug;
		};
		507C28EA1A66D92200D52AFC /* Release */ = {
			isa = XCBuildConfiguration;
			buildSettings = {
				ALWAYS_SEARCH_USER_PATHS = NO;
				CLANG_CXX_LANGUAGE_STANDARD = "gnu++0x";
				CLANG_CXX_LIBRARY = "libc++";
				CLANG_ENABLE_MODULES = YES;
				CLANG_ENABLE_OBJC_ARC = YES;
				CLANG_WARN_BOOL_CONVERSION = YES;
				CLANG_WARN_CONSTANT_CONVERSION = YES;
				CLANG_WARN_DIRECT_OBJC_ISA_USAGE = YES_ERROR;
				CLANG_WARN_EMPTY_BODY = YES;
				CLANG_WARN_ENUM_CONVERSION = YES;
				CLANG_WARN_INT_CONVERSION = YES;
				CLANG_WARN_OBJC_ROOT_CLASS = YES_ERROR;
				CLANG_WARN_UNREACHABLE_CODE = YES;
				CLANG_WARN__DUPLICATE_METHOD_MATCH = YES;
				"CODE_SIGN_IDENTITY[sdk=iphoneos*]" = "iPhone Developer";
				COPY_PHASE_STRIP = NO;
				ENABLE_NS_ASSERTIONS = NO;
				ENABLE_STRICT_OBJC_MSGSEND = YES;
				GCC_C_LANGUAGE_STANDARD = gnu99;
				GCC_WARN_64_TO_32_BIT_CONVERSION = YES;
				GCC_WARN_ABOUT_RETURN_TYPE = YES_ERROR;
				GCC_WARN_UNDECLARED_SELECTOR = YES;
				GCC_WARN_UNINITIALIZED_AUTOS = YES_AGGRESSIVE;
				GCC_WARN_UNUSED_FUNCTION = YES;
				GCC_WARN_UNUSED_VARIABLE = YES;
				IPHONEOS_DEPLOYMENT_TARGET = 8.2;
				MTL_ENABLE_DEBUG_INFO = NO;
				SDKROOT = iphoneos;
				VALIDATE_PRODUCT = YES;
			};
			name = Release;
		};
		507C28EC1A66D92200D52AFC /* Debug */ = {
			isa = XCBuildConfiguration;
			buildSettings = {
				ASSETCATALOG_COMPILER_APPICON_NAME = AppIcon;
				CLANG_ENABLE_MODULES = YES;
				CODE_SIGN_IDENTITY = "iPhone Developer";
				"CODE_SIGN_IDENTITY[sdk=iphoneos*]" = "iPhone Developer";
				FRAMEWORK_SEARCH_PATHS = (
					"$(inherited)",
					"$(PROJECT_DIR)",
				);
				INFOPLIST_FILE = YO/Info.plist;
				IPHONEOS_DEPLOYMENT_TARGET = 8.0;
				LD_RUNPATH_SEARCH_PATHS = "$(inherited) @executable_path/Frameworks";
				PRODUCT_NAME = "$(TARGET_NAME)";
				PROVISIONING_PROFILE = "";
				SWIFT_OBJC_BRIDGING_HEADER = "YO-Bridging-Header.h";
				SWIFT_OPTIMIZATION_LEVEL = "-Onone";
			};
			name = Debug;
		};
		507C28ED1A66D92200D52AFC /* Release */ = {
			isa = XCBuildConfiguration;
			buildSettings = {
				ASSETCATALOG_COMPILER_APPICON_NAME = AppIcon;
				CLANG_ENABLE_MODULES = YES;
				CODE_SIGN_IDENTITY = "iPhone Developer";
				"CODE_SIGN_IDENTITY[sdk=iphoneos*]" = "iPhone Developer";
				FRAMEWORK_SEARCH_PATHS = (
					"$(inherited)",
					"$(PROJECT_DIR)",
				);
				INFOPLIST_FILE = YO/Info.plist;
				IPHONEOS_DEPLOYMENT_TARGET = 8.0;
				LD_RUNPATH_SEARCH_PATHS = "$(inherited) @executable_path/Frameworks";
				PRODUCT_NAME = "$(TARGET_NAME)";
				PROVISIONING_PROFILE = "";
				SWIFT_OBJC_BRIDGING_HEADER = "YO-Bridging-Header.h";
			};
			name = Release;
		};
		507C28EF1A66D92200D52AFC /* Debug */ = {
			isa = XCBuildConfiguration;
			buildSettings = {
				BUNDLE_LOADER = "$(TEST_HOST)";
				FRAMEWORK_SEARCH_PATHS = (
					"$(SDKROOT)/Developer/Library/Frameworks",
					"$(inherited)",
				);
				GCC_PREPROCESSOR_DEFINITIONS = (
					"DEBUG=1",
					"$(inherited)",
				);
				INFOPLIST_FILE = YOTests/Info.plist;
				LD_RUNPATH_SEARCH_PATHS = "$(inherited) @executable_path/Frameworks @loader_path/Frameworks";
				PRODUCT_NAME = "$(TARGET_NAME)";
				TEST_HOST = "$(BUILT_PRODUCTS_DIR)/YO.app/YO";
			};
			name = Debug;
		};
		507C28F01A66D92200D52AFC /* Release */ = {
			isa = XCBuildConfiguration;
			buildSettings = {
				BUNDLE_LOADER = "$(TEST_HOST)";
				FRAMEWORK_SEARCH_PATHS = (
					"$(SDKROOT)/Developer/Library/Frameworks",
					"$(inherited)",
				);
				INFOPLIST_FILE = YOTests/Info.plist;
				LD_RUNPATH_SEARCH_PATHS = "$(inherited) @executable_path/Frameworks @loader_path/Frameworks";
				PRODUCT_NAME = "$(TARGET_NAME)";
				TEST_HOST = "$(BUILT_PRODUCTS_DIR)/YO.app/YO";
			};
			name = Release;
		};
/* End XCBuildConfiguration section */

/* Begin XCConfigurationList section */
		507C28C71A66D92100D52AFC /* Build configuration list for PBXProject "YO" */ = {
			isa = XCConfigurationList;
			buildConfigurations = (
				507C28E91A66D92200D52AFC /* Debug */,
				507C28EA1A66D92200D52AFC /* Release */,
			);
			defaultConfigurationIsVisible = 0;
			defaultConfigurationName = Release;
		};
		507C28EB1A66D92200D52AFC /* Build configuration list for PBXNativeTarget "YO" */ = {
			isa = XCConfigurationList;
			buildConfigurations = (
				507C28EC1A66D92200D52AFC /* Debug */,
				507C28ED1A66D92200D52AFC /* Release */,
			);
			defaultConfigurationIsVisible = 0;
			defaultConfigurationName = Release;
		};
		507C28EE1A66D92200D52AFC /* Build configuration list for PBXNativeTarget "YOTests" */ = {
			isa = XCConfigurationList;
			buildConfigurations = (
				507C28EF1A66D92200D52AFC /* Debug */,
				507C28F01A66D92200D52AFC /* Release */,
			);
			defaultConfigurationIsVisible = 0;
			defaultConfigurationName = Release;
		};
/* End XCConfigurationList section */
	};
	rootObject = 507C28C41A66D92100D52AFC /* Project object */;
}
